
Microsoft Visual Studio Solution File, Format Version 12.00
# Visual Studio Version 17
VisualStudioVersion = 17.0.32112.339
MinimumVisualStudioVersion = 10.0.40219.1
Project("{FAE04EC0-301F-11D3-BF4B-00C04F79EFBC}") = "BlazorApp1", "BlazorApp1\BlazorApp1.csproj", "{7080D951-0FD8-49EA-BA87-3F0608689750}"
EndProject
Global
	GlobalSection(SolutionConfigurationPlatforms) = preSolution
		Debug|Any CPU = Debug|Any CPU
		Release|Any CPU = Release|Any CPU
	EndGlobalSection
	GlobalSection(ProjectConfigurationPlatforms) = postSolution
		{7080D951-0FD8-49EA-BA87-3F0608689750}.Debug|Any CPU.ActiveCfg = Debug|Any CPU
		{7080D951-0FD8-49EA-BA87-3F0608689750}.Debug|Any CPU.Build.0 = Debug|Any CPU
		{7080D951-0FD8-49EA-BA87-3F0608689750}.Release|Any CPU.ActiveCfg = Release|Any CPU
		{7080D951-0FD8-49EA-BA87-3F0608689750}.Release|Any CPU.Build.0 = Release|Any CPU
	EndGlobalSection
	GlobalSection(SolutionProperties) = preSolution
		HideSolutionNode = FALSE
	EndGlobalSection
	GlobalSection(ExtensibilityGlobals) = postSolution
		SolutionGuid = {B2C6F6DA-4032-4A1B-A1CD-26384526CE91}
	EndGlobalSection
EndGlobal
